
Microsoft Visual Studio Solution File, Format Version 12.00
# Visual Studio Version 17
VisualStudioVersion = 17.14.36310.24
MinimumVisualStudioVersion = 10.0.40219.1
Project("{FAE04EC0-301F-11D3-BF4B-00C04F79EFBC}") = "HKXPoserNG", "HKXPoserNG\HKXPoserNG.csproj", "{1B1652E8-F371-32CF-F459-4EA4785CCBC5}"
EndProject
Project("{FAE04EC0-301F-11D3-BF4B-00C04F79EFBC}") = "HKXPoserNG.Test", "HKXPoserNG.Test\HKXPoserNG.Test.csproj", "{62ABD809-6B76-4BDD-8824-B2AEB6AF0544}"
EndProject
Project("{FAE04EC0-301F-11D3-BF4B-00C04F79EFBC}") = "HKX2", "HKX2Library\HKX2\HKX2.csproj", "{DA3707F2-C26F-8093-00B2-C7E3908C235E}"
EndProject
Project("{2150E333-8FDC-42A3-9474-1A3956D46DE8}") = "Solution Items", "Solution Items", "{8EC462FD-D22E-90A8-E5CE-7E832BA40C5D}"
	ProjectSection(SolutionItems) = preProject
		ChangeLog.md = ChangeLog.md
	EndProjectSection
EndProject
Global
	GlobalSection(SolutionConfigurationPlatforms) = preSolution
		Debug|Any CPU = Debug|Any CPU
		Release|Any CPU = Release|Any CPU
	EndGlobalSection
	GlobalSection(ProjectConfigurationPlatforms) = postSolution
		{1B1652E8-F371-32CF-F459-4EA4785CCBC5}.Debug|Any CPU.ActiveCfg = Debug|Any CPU
		{1B1652E8-F371-32CF-F459-4EA4785CCBC5}.Debug|Any CPU.Build.0 = Debug|Any CPU
		{1B1652E8-F371-32CF-F459-4EA4785CCBC5}.Release|Any CPU.ActiveCfg = Release|Any CPU
		{1B1652E8-F371-32CF-F459-4EA4785CCBC5}.Release|Any CPU.Build.0 = Release|Any CPU
		{62ABD809-6B76-4BDD-8824-B2AEB6AF0544}.Debug|Any CPU.ActiveCfg = Debug|Any CPU
		{62ABD809-6B76-4BDD-8824-B2AEB6AF0544}.Debug|Any CPU.Build.0 = Debug|Any CPU
		{62ABD809-6B76-4BDD-8824-B2AEB6AF0544}.Release|Any CPU.ActiveCfg = Release|Any CPU
		{62ABD809-6B76-4BDD-8824-B2AEB6AF0544}.Release|Any CPU.Build.0 = Release|Any CPU
		{DA3707F2-C26F-8093-00B2-C7E3908C235E}.Debug|Any CPU.ActiveCfg = Debug|Any CPU
		{DA3707F2-C26F-8093-00B2-C7E3908C235E}.Debug|Any CPU.Build.0 = Debug|Any CPU
		{DA3707F2-C26F-8093-00B2-C7E3908C235E}.Release|Any CPU.ActiveCfg = Release|Any CPU
		{DA3707F2-C26F-8093-00B2-C7E3908C235E}.Release|Any CPU.Build.0 = Release|Any CPU
	EndGlobalSection
	GlobalSection(SolutionProperties) = preSolution
		HideSolutionNode = FALSE
	EndGlobalSection
	GlobalSection(ExtensibilityGlobals) = postSolution
		SolutionGuid = {B8F4988C-FAD3-40FB-9650-6322DACBF483}
	EndGlobalSection
EndGlobal
